# THIS IS AN AUTOGENERATED FILE. DO NOT EDIT THIS FILE DIRECTLY.
# yarn lockfile v1


"seriealfredpartnerbr.wmstheme@https://test--seriealfredpartnerbr.myvtex.com/_v/private/typings/linked/v1/seriealfredpartnerbr.wmstheme@0.0.0+build1749210750/public/@types/seriealfredpartnerbr.wmstheme":
  version "0.0.0"
  resolved "https://test--seriealfredpartnerbr.myvtex.com/_v/private/typings/linked/v1/seriealfredpartnerbr.wmstheme@0.0.0+build1749210750/public/@types/seriealfredpartnerbr.wmstheme#7a0f9ed31fb71349f373b76cd50742a5ecd24c65"

"vtex.add-to-cart-button@http://vtex.vtexassets.com/_v/public/typings/v1/vtex.add-to-cart-button@0.30.2/public/@types/vtex.add-to-cart-button":
  version "0.30.2"
  resolved "http://vtex.vtexassets.com/_v/public/typings/v1/vtex.add-to-cart-button@0.30.2/public/@types/vtex.add-to-cart-button#460e38a0fca759d2eba382ebe6cd92d6c645b0b6"

"vtex.breadcrumb@http://vtex.vtexassets.com/_v/public/typings/v1/vtex.breadcrumb@1.9.5/public/@types/vtex.breadcrumb":
  version "1.9.5"
  resolved "http://vtex.vtexassets.com/_v/public/typings/v1/vtex.breadcrumb@1.9.5/public/@types/vtex.breadcrumb#261c73e9840f168c36ce30e687982a227728ab86"

"vtex.carousel@http://vtex.vtexassets.com/_v/public/typings/v1/vtex.carousel@2.12.1/public/@types/vtex.carousel":
  version "2.12.1"
  resolved "http://vtex.vtexassets.com/_v/public/typings/v1/vtex.carousel@2.12.1/public/@types/vtex.carousel#f99139a9d22227fa239192a058defd13f8cc50be"

"vtex.flex-layout@http://vtex.vtexassets.com/_v/public/typings/v1/vtex.flex-layout@0.21.4/public/@types/vtex.flex-layout":
  version "0.21.4"
  resolved "http://vtex.vtexassets.com/_v/public/typings/v1/vtex.flex-layout@0.21.4/public/@types/vtex.flex-layout#734117ec07fb9102bfa9d72cd12a7555b5594238"

"vtex.iframe@http://vtex.vtexassets.com/_v/public/typings/v1/vtex.iframe@0.8.0/public/@types/vtex.iframe":
  version "0.8.0"
  resolved "http://vtex.vtexassets.com/_v/public/typings/v1/vtex.iframe@0.8.0/public/@types/vtex.iframe#201ccc038cec1a5eeb5e1e5a751a7337268d198e"

"vtex.locale-switcher@http://vtex.vtexassets.com/_v/public/typings/v1/vtex.locale-switcher@0.5.6/public/@types/vtex.locale-switcher":
  version "0.5.6"
  resolved "http://vtex.vtexassets.com/_v/public/typings/v1/vtex.locale-switcher@0.5.6/public/@types/vtex.locale-switcher#5db8558af5593d65e4fff3da0903d0081dfcab42"

"vtex.login@http://vtex.vtexassets.com/_v/public/typings/v1/vtex.login@2.66.0/public/@types/vtex.login":
  version "2.66.0"
  resolved "http://vtex.vtexassets.com/_v/public/typings/v1/vtex.login@2.66.0/public/@types/vtex.login#b43620ca5b04d71e7f3823be3f68e77d5ee852bb"

"vtex.menu@http://vtex.vtexassets.com/_v/public/typings/v1/vtex.menu@2.35.3/public/@types/vtex.menu":
  version "2.35.3"
  resolved "http://vtex.vtexassets.com/_v/public/typings/v1/vtex.menu@2.35.3/public/@types/vtex.menu#36f6f8bd973275e1c809c8153f41af3bfcb53417"

"vtex.minicart@http://vtex.vtexassets.com/_v/public/typings/v1/vtex.minicart@2.68.0/public/@types/vtex.minicart":
  version "2.68.0"
  resolved "http://vtex.vtexassets.com/_v/public/typings/v1/vtex.minicart@2.68.0/public/@types/vtex.minicart#8370cc2da68f149743ef1dfb4ce5b1a64095970f"

"vtex.my-account@http://vtex.vtexassets.com/_v/public/typings/v1/vtex.my-account@1.29.0/public/@types/vtex.my-account":
  version "1.29.0"
  resolved "http://vtex.vtexassets.com/_v/public/typings/v1/vtex.my-account@1.29.0/public/@types/vtex.my-account#014ffc22855e21f321b5ed81d1c95e547740b0ba"

"vtex.order-placed@http://vtex.vtexassets.com/_v/public/typings/v1/vtex.order-placed@2.19.0/public/@types/vtex.order-placed":
  version "2.19.0"
  resolved "http://vtex.vtexassets.com/_v/public/typings/v1/vtex.order-placed@2.19.0/public/@types/vtex.order-placed#277b037e919f0ff1ce75f81a5ae2393788f2cc12"

"vtex.product-context@http://vtex.vtexassets.com/_v/public/typings/v1/vtex.product-context@0.10.1/public/@types/vtex.product-context":
  version "0.10.1"
  resolved "http://vtex.vtexassets.com/_v/public/typings/v1/vtex.product-context@0.10.1/public/@types/vtex.product-context#86ceba68085420edcf54749f07e51a257d2e5d94"

"vtex.product-details@http://vtex.vtexassets.com/_v/public/typings/v1/vtex.product-details@1.22.0/public/@types/vtex.product-details":
  version "1.22.0"
  resolved "http://vtex.vtexassets.com/_v/public/typings/v1/vtex.product-details@1.22.0/public/@types/vtex.product-details#c2829a3a2c8b8f48ee273280a86859449b9835f8"

"vtex.product-identifier@http://vtex.vtexassets.com/_v/public/typings/v1/vtex.product-identifier@0.5.0/public/@types/vtex.product-identifier":
  version "0.5.0"
  resolved "http://vtex.vtexassets.com/_v/public/typings/v1/vtex.product-identifier@0.5.0/public/@types/vtex.product-identifier#f5d442b6a7ca648c61e8655a356e8588e49c43b2"

"vtex.product-kit@http://vtex.vtexassets.com/_v/public/typings/v1/vtex.product-kit@1.10.2/public/_types/react":
  version "0.0.0"
  resolved "http://vtex.vtexassets.com/_v/public/typings/v1/vtex.product-kit@1.10.2/public/_types/react#fa7a0347e046eab3dd768998fc9252b2c0dd5aef"

"vtex.product-quantity@http://vtex.vtexassets.com/_v/public/typings/v1/vtex.product-quantity@1.9.0/public/@types/vtex.product-quantity":
  version "1.9.0"
  resolved "http://vtex.vtexassets.com/_v/public/typings/v1/vtex.product-quantity@1.9.0/public/@types/vtex.product-quantity#686536c85e0bf7af98f803dc4385f959c181bb07"

"vtex.product-review-interfaces@http://vtex.vtexassets.com/_v/public/typings/v1/vtex.product-review-interfaces@1.0.2/public/_types/react":
  version "1.0.2"
  resolved "http://vtex.vtexassets.com/_v/public/typings/v1/vtex.product-review-interfaces@1.0.2/public/_types/react#84d1997cdae079d1401611f3d4a4619ed914673f"

"vtex.product-specification-badges@http://vtex.vtexassets.com/_v/public/typings/v1/vtex.product-specification-badges@0.4.1/public/@types/vtex.product-specification-badges":
  version "0.4.1"
  resolved "http://vtex.vtexassets.com/_v/public/typings/v1/vtex.product-specification-badges@0.4.1/public/@types/vtex.product-specification-badges#2c8416e3c69b6b4b0e73b81fff67b448743b38a3"

"vtex.product-summary@http://vtex.vtexassets.com/_v/public/typings/v1/vtex.product-summary@2.90.4/public/@types/vtex.product-summary":
  version "2.90.4"
  resolved "http://vtex.vtexassets.com/_v/public/typings/v1/vtex.product-summary@2.90.4/public/@types/vtex.product-summary#fd8e1c455dc9363d86cfa957503d511d43458178"

"vtex.render-runtime@http://vtex.vtexassets.com/_v/public/typings/v1/vtex.render-runtime@8.136.1/public/@types/vtex.render-runtime":
  version "8.136.1"
  resolved "http://vtex.vtexassets.com/_v/public/typings/v1/vtex.render-runtime@8.136.1/public/@types/vtex.render-runtime#f163acbdb0fcc9be2065a34eb4fc797093f6d0ce"

"vtex.responsive-layout@http://vtex.vtexassets.com/_v/public/typings/v1/vtex.responsive-layout@0.1.4/public/@types/vtex.responsive-layout":
  version "0.1.4"
  resolved "http://vtex.vtexassets.com/_v/public/typings/v1/vtex.responsive-layout@0.1.4/public/@types/vtex.responsive-layout#e67d61ec1e308accb4e0ef2bd172fe04a41bf662"

"vtex.rich-text@http://vtex.vtexassets.com/_v/public/typings/v1/vtex.rich-text@0.16.0/public/@types/vtex.rich-text":
  version "0.16.0"
  resolved "http://vtex.vtexassets.com/_v/public/typings/v1/vtex.rich-text@0.16.0/public/@types/vtex.rich-text#0cdcaccffb37ae0d025894ba7055f69bc3c9aa30"

"vtex.search-result@http://vtex.vtexassets.com/_v/public/typings/v1/vtex.search-result@3.136.1/public/@types/vtex.search-result":
  version "3.136.1"
  resolved "http://vtex.vtexassets.com/_v/public/typings/v1/vtex.search-result@3.136.1/public/@types/vtex.search-result#bf6cd0c5f2340cd70cc5736f4228f6dad34874c4"

"vtex.shelf@http://vtex.vtexassets.com/_v/public/typings/v1/vtex.shelf@1.49.0/public/@types/vtex.shelf":
  version "1.49.0"
  resolved "http://vtex.vtexassets.com/_v/public/typings/v1/vtex.shelf@1.49.0/public/@types/vtex.shelf#32b849d3bd8bf07570cca0de801ee9a8708b869c"

"vtex.slider-layout@http://vtex.vtexassets.com/_v/public/typings/v1/vtex.slider-layout@0.24.7/public/@types/vtex.slider-layout":
  version "0.24.7"
  resolved "http://vtex.vtexassets.com/_v/public/typings/v1/vtex.slider-layout@0.24.7/public/@types/vtex.slider-layout#1621fb65f43bdcf15f1d0ed818c1f0563a9f76ac"

"vtex.slider@http://vtex.vtexassets.com/_v/public/typings/v1/vtex.slider@0.8.3/public/@types/vtex.slider":
  version "0.8.3"
  resolved "http://vtex.vtexassets.com/_v/public/typings/v1/vtex.slider@0.8.3/public/@types/vtex.slider#9b7be08012a5d3ec41fdc651235a964cb5f7db85"

"vtex.stack-layout@http://vtex.vtexassets.com/_v/public/typings/v1/vtex.stack-layout@0.1.2/public/@types/vtex.stack-layout":
  version "0.1.2"
  resolved "http://vtex.vtexassets.com/_v/public/typings/v1/vtex.stack-layout@0.1.2/public/@types/vtex.stack-layout#ad7aa25e9102032b40cf7a3661c1f679860c63c2"

"vtex.sticky-layout@http://vtex.vtexassets.com/_v/public/typings/v1/vtex.sticky-layout@0.3.4/public/@types/vtex.sticky-layout":
  version "0.3.4"
  resolved "http://vtex.vtexassets.com/_v/public/typings/v1/vtex.sticky-layout@0.3.4/public/@types/vtex.sticky-layout#5b786d6f9ab0a40e4997c955a75885eee32515ef"

"vtex.store-components@http://vtex.vtexassets.com/_v/public/typings/v1/vtex.store-components@3.178.0/public/@types/vtex.store-components":
  version "3.178.0"
  resolved "http://vtex.vtexassets.com/_v/public/typings/v1/vtex.store-components@3.178.0/public/@types/vtex.store-components#550f859ed4eb8bbbf11c12d0a6c11a0c98811fba"

"vtex.store-drawer@http://vtex.vtexassets.com/_v/public/typings/v1/vtex.store-drawer@0.18.1/public/@types/vtex.store-drawer":
  version "0.18.1"
  resolved "http://vtex.vtexassets.com/_v/public/typings/v1/vtex.store-drawer@0.18.1/public/@types/vtex.store-drawer#6a9c41b35d9f992c7683f2d275c0817271619075"

"vtex.store-footer@http://vtex.vtexassets.com/_v/public/typings/v1/vtex.store-footer@2.27.0/public/@types/vtex.store-footer":
  version "2.27.0"
  resolved "http://vtex.vtexassets.com/_v/public/typings/v1/vtex.store-footer@2.27.0/public/@types/vtex.store-footer#81c4e23689a6d4e97d6b8b8de930f76c7dfdcbd9"

"vtex.store-header@http://vtex.vtexassets.com/_v/public/typings/v1/vtex.store-header@2.29.0/public/@types/vtex.store-header":
  version "2.29.0"
  resolved "http://vtex.vtexassets.com/_v/public/typings/v1/vtex.store-header@2.29.0/public/@types/vtex.store-header#702033f782c6c25ae2fed42b5a3703db5fd1ac87"

"vtex.store-icons@http://vtex.vtexassets.com/_v/public/typings/v1/vtex.store-icons@0.18.0/public/@types/vtex.store-icons":
  version "0.18.0"
  resolved "http://vtex.vtexassets.com/_v/public/typings/v1/vtex.store-icons@0.18.0/public/@types/vtex.store-icons#0ee94d549aa283ce3a13ab987c13eac4fdfd1bba"

"vtex.store@http://vtex.vtexassets.com/_v/public/typings/v1/vtex.store@2.141.0/public/@types/vtex.store":
  version "2.141.0"
  resolved "http://vtex.vtexassets.com/_v/public/typings/v1/vtex.store@2.141.0/public/@types/vtex.store#537010362d8d85c071623e7582bed978a6e86331"

"vtex.styleguide@http://vtex.vtexassets.com/_v/public/typings/v1/vtex.styleguide@9.146.13/public/@types/vtex.styleguide":
  version "9.146.13"
  resolved "http://vtex.vtexassets.com/_v/public/typings/v1/vtex.styleguide@9.146.13/public/@types/vtex.styleguide#f4ccbc54621bf5114ddd115b6032ae320f2eba55"

"vtex.tab-layout@http://vtex.vtexassets.com/_v/public/typings/v1/vtex.tab-layout@0.4.6/public/@types/vtex.tab-layout":
  version "0.4.6"
  resolved "http://vtex.vtexassets.com/_v/public/typings/v1/vtex.tab-layout@0.4.6/public/@types/vtex.tab-layout#d0331c51239c0f677e1e405a967eb3e7dcad5cb9"

"vtex.telemarketing@http://vtex.vtexassets.com/_v/public/typings/v1/vtex.telemarketing@2.12.1/public/@types/vtex.telemarketing":
  version "2.12.1"
  resolved "http://vtex.vtexassets.com/_v/public/typings/v1/vtex.telemarketing@2.12.1/public/@types/vtex.telemarketing#0b43598b66598b4085af04268140ea8a8d84e263"
